
Microsoft Visual Studio Solution File, Format Version 12.00
# Visual Studio 15
VisualStudioVersion = 15.0.28010.2016
MinimumVisualStudioVersion = 10.0.40219.1
Project("{FAE04EC0-301F-11D3-BF4B-00C04F79EFBC}") = "EmulatorDemo", "EmulatorDemo\EmulatorDemo.csproj", "{997D6E0C-74D4-490F-A3B4-E8745C8A5A23}"
EndProject
Project("{FAE04EC0-301F-11D3-BF4B-00C04F79EFBC}") = "EmulatorDemoTests", "EmulatorDemoTests\EmulatorDemoTests.csproj", "{350E1E61-A4E8-45DC-9504-CF858CEEE7E2}"
EndProject
Global
	GlobalSection(SolutionConfigurationPlatforms) = preSolution
		Debug|Any CPU = Debug|Any CPU
		Release|Any CPU = Release|Any CPU
	EndGlobalSection
	GlobalSection(ProjectConfigurationPlatforms) = postSolution
		{997D6E0C-74D4-490F-A3B4-E8745C8A5A23}.Debug|Any CPU.ActiveCfg = Debug|Any CPU
		{997D6E0C-74D4-490F-A3B4-E8745C8A5A23}.Debug|Any CPU.Build.0 = Debug|Any CPU
		{997D6E0C-74D4-490F-A3B4-E8745C8A5A23}.Release|Any CPU.ActiveCfg = Release|Any CPU
		{997D6E0C-74D4-490F-A3B4-E8745C8A5A23}.Release|Any CPU.Build.0 = Release|Any CPU
		{350E1E61-A4E8-45DC-9504-CF858CEEE7E2}.Debug|Any CPU.ActiveCfg = Debug|Any CPU
		{350E1E61-A4E8-45DC-9504-CF858CEEE7E2}.Debug|Any CPU.Build.0 = Debug|Any CPU
		{350E1E61-A4E8-45DC-9504-CF858CEEE7E2}.Release|Any CPU.ActiveCfg = Release|Any CPU
		{350E1E61-A4E8-45DC-9504-CF858CEEE7E2}.Release|Any CPU.Build.0 = Release|Any CPU
	EndGlobalSection
	GlobalSection(SolutionProperties) = preSolution
		HideSolutionNode = FALSE
	EndGlobalSection
	GlobalSection(ExtensibilityGlobals) = postSolution
		SolutionGuid = {E37F78E1-C5CE-4B11-A4BA-469B32B69A04}
	EndGlobalSection
EndGlobal
